
Microsoft Visual Studio Solution File, Format Version 12.00
# Visual Studio Version 17
VisualStudioVersion = 17.8.34309.116
MinimumVisualStudioVersion = 10.0.40219.1
Project("{FAE04EC0-301F-11D3-BF4B-00C04F79EFBC}") = "kpz_test4", "kpz_test4\kpz_test4.csproj", "{B1452901-C1C6-4D7C-B2B6-FEF2EE5185BC}"
EndProject
Global
	GlobalSection(SolutionConfigurationPlatforms) = preSolution
		Debug|Any CPU = Debug|Any CPU
		Release|Any CPU = Release|Any CPU
	EndGlobalSection
	GlobalSection(ProjectConfigurationPlatforms) = postSolution
		{B1452901-C1C6-4D7C-B2B6-FEF2EE5185BC}.Debug|Any CPU.ActiveCfg = Debug|Any CPU
		{B1452901-C1C6-4D7C-B2B6-FEF2EE5185BC}.Debug|Any CPU.Build.0 = Debug|Any CPU
		{B1452901-C1C6-4D7C-B2B6-FEF2EE5185BC}.Release|Any CPU.ActiveCfg = Release|Any CPU
		{B1452901-C1C6-4D7C-B2B6-FEF2EE5185BC}.Release|Any CPU.Build.0 = Release|Any CPU
	EndGlobalSection
	GlobalSection(SolutionProperties) = preSolution
		HideSolutionNode = FALSE
	EndGlobalSection
	GlobalSection(ExtensibilityGlobals) = postSolution
		SolutionGuid = {FBFBE567-3213-44F2-B60E-3515D3C0F622}
	EndGlobalSection
EndGlobal
